
Microsoft Visual Studio Solution File, Format Version 12.00
# Visual Studio Version 17
VisualStudioVersion = 17.13.35931.197 d17.13
MinimumVisualStudioVersion = 10.0.40219.1
Project("{FAE04EC0-301F-11D3-BF4B-00C04F79EFBC}") = "glsfutar", "glsfutar\glsfutar.csproj", "{7DF7DF17-0DCB-4356-8046-037AFC594717}"
EndProject
Global
	GlobalSection(SolutionConfigurationPlatforms) = preSolution
		Debug|Any CPU = Debug|Any CPU
		Release|Any CPU = Release|Any CPU
	EndGlobalSection
	GlobalSection(ProjectConfigurationPlatforms) = postSolution
		{7DF7DF17-0DCB-4356-8046-037AFC594717}.Debug|Any CPU.ActiveCfg = Debug|Any CPU
		{7DF7DF17-0DCB-4356-8046-037AFC594717}.Debug|Any CPU.Build.0 = Debug|Any CPU
		{7DF7DF17-0DCB-4356-8046-037AFC594717}.Release|Any CPU.ActiveCfg = Release|Any CPU
		{7DF7DF17-0DCB-4356-8046-037AFC594717}.Release|Any CPU.Build.0 = Release|Any CPU
	EndGlobalSection
	GlobalSection(SolutionProperties) = preSolution
		HideSolutionNode = FALSE
	EndGlobalSection
	GlobalSection(ExtensibilityGlobals) = postSolution
		SolutionGuid = {C583ACAF-FA8D-4182-8014-489F76426AAB}
	EndGlobalSection
EndGlobal
